# Generated by pub
# See http://pub.dartlang.org/doc/glossary.html#lockfile
packages:
  args:
    description: args
    source: hosted
    version: "0.8.7"
  browser:
    description: browser
    source: hosted
    version: "0.8.7"
  logging:
    description: logging
    source: hosted
    version: "0.8.7"
  meta:
    description: meta
    source: hosted
    version: "0.8.7"
  path:
    description: path
    source: hosted
    version: "0.8.7"
  rikulo_commons:
    description: rikulo_commons
    source: hosted
    version: "0.8.9"
  stack_trace:
    description: stack_trace
    source: hosted
    version: "0.8.7"
  stream:
    description: stream
    source: hosted
    version: "0.8.6+2"
  unittest:
    description: unittest
    source: hosted
    version: "0.8.7"
  unmodifiable_collection:
    description: unmodifiable_collection
    source: hosted
    version: "0.8.7"
